
Microsoft Visual Studio Solution File, Format Version 12.00
# Visual Studio Version 17
VisualStudioVersion = 17.14.36915.13
MinimumVisualStudioVersion = 10.0.40219.1
Project("{FAE04EC0-301F-11D3-BF4B-00C04F79EFBC}") = "LibraryManagementSystem", "LibraryManagementSystem.csproj", "{5594A813-1984-41FC-ABDD-09BA8966F5F3}"
EndProject
Global
	GlobalSection(SolutionConfigurationPlatforms) = preSolution
		Debug|Any CPU = Debug|Any CPU
		Release|Any CPU = Release|Any CPU
	EndGlobalSection
	GlobalSection(ProjectConfigurationPlatforms) = postSolution
		{5594A813-1984-41FC-ABDD-09BA8966F5F3}.Debug|Any CPU.ActiveCfg = Debug|Any CPU
		{5594A813-1984-41FC-ABDD-09BA8966F5F3}.Debug|Any CPU.Build.0 = Debug|Any CPU
		{5594A813-1984-41FC-ABDD-09BA8966F5F3}.Release|Any CPU.ActiveCfg = Release|Any CPU
		{5594A813-1984-41FC-ABDD-09BA8966F5F3}.Release|Any CPU.Build.0 = Release|Any CPU
	EndGlobalSection
	GlobalSection(SolutionProperties) = preSolution
		HideSolutionNode = FALSE
	EndGlobalSection
	GlobalSection(ExtensibilityGlobals) = postSolution
		SolutionGuid = {2FCCC0F5-108E-4672-B7CF-6A6A60888327}
	EndGlobalSection
EndGlobal
